{
    "_meta": {
        "hash": {
            "sha256": "8f25e934fcf69330ae3381619953f323c7c33e48bd9bcdbae7c96800113372bf"
        },
        "pipfile-spec": 6,
        "requires": {
            "python_version": "3.8"
        },
        "sources": [
            {
                "name": "pypi",
                "url": "https://pypi.org/simple",
                "verify_ssl": true
            }
        ]
    },
    "default": {
        "pyglet": {
            "hashes": [
                "sha256:543d60ed190b72c22f5ed9becd01fc4ff1b1b10cd4545349105434bbcd4fede6",
                "sha256:58a318cbccf79884e40f7b4e5c7f5c25eee3f3191882202497b9ec6b3a5a9110"
            ],
            "index": "pypi",
            "version": "==1.5.18"
        }
    },
    "develop": {}
}
